github.com/jpillora/backoff v1.0.0 h1:uvFg412JmmHBHw7iwprIxkPMI+sGQ4kzOWsMeHnm2EA=
github.com/jpillora/backoff v1.0.0/go.mod h1:J/6gKK9jxlEcS3zixgDgUAsiuZ7yrSoa/FX5e0EB2j4=
github.com/tech10/go-ipify v1.0.0 h1:FprlKwDSRl5bW06tSECsAElW2y9xbZSdFj0K3v4MxAk=
github.com/tech10/go-ipify v1.0.0/go.mod h1:88XTl3Wqw/emV9zC4+z0kvgTzDJlzN4Aw82M9Wc/bEA=
